// !$*UTF8*$!
{
	archiveVersion = 1;
	classes = {
	};
	objectVersion = 50;
	objects = {

/* Begin PBXBuildFile section */
		16793E902697AFCC00741168 /* AppDelegate.swift in Sources */ = {isa = PBXBuildFile; fileRef = 16793E8F2697AFCC00741168 /* AppDelegate.swift */; };
		16793E922697AFCC00741168 /* SceneDelegate.swift in Sources */ = {isa = PBXBuildFile; fileRef = 16793E912697AFCC00741168 /* SceneDelegate.swift */; };
		16793E942697AFCC00741168 /* ViewController.swift in Sources */ = {isa = PBXBuildFile; fileRef = 16793E932697AFCC00741168 /* ViewController.swift */; };
		16793E972697AFCC00741168 /* Main.storyboard in Resources */ = {isa = PBXBuildFile; fileRef = 16793E952697AFCC00741168 /* Main.storyboard */; };
		16793E992697AFE900741168 /* Assets.xcassets in Resources */ = {isa = PBXBuildFile; fileRef = 16793E982697AFE900741168 /* Assets.xcassets */; };
		16793E9C2697AFE900741168 /* LaunchScreen.storyboard in Resources */ = {isa = PBXBuildFile; fileRef = 16793E9A2697AFE900741168 /* LaunchScreen.storyboard */; };
		16793EA72697AFE900741168 /* Calculator_4Tests.swift in Sources */ = {isa = PBXBuildFile; fileRef = 16793EA62697AFE900741168 /* Calculator_4Tests.swift */; };
		16793EB22697AFE900741168 /* Calculator_4UITests.swift in Sources */ = {isa = PBXBuildFile; fileRef = 16793EB12697AFE900741168 /* Calculator_4UITests.swift */; };
/* End PBXBuildFile section */

/* Begin PBXContainerItemProxy section */
		16793EA32697AFE900741168 /* PBXContainerItemProxy */ = {
			isa = PBXContainerItemProxy;
			containerPortal = 16793E842697AFCC00741168 /* Project object */;
			proxyType = 1;
			remoteGlobalIDString = 16793E8B2697AFCC00741168;
			remoteInfo = "Calculator 4";
		};
		16793EAE2697AFE900741168 /* PBXContainerItemProxy */ = {
			isa = PBXContainerItemProxy;
			containerPortal = 16793E842697AFCC00741168 /* Project object */;
			proxyType = 1;
			remoteGlobalIDString = 16793E8B2697AFCC00741168;
			remoteInfo = "Calculator 4";
		};
/* End PBXContainerItemProxy section */

/* Begin PBXFileReference section */
		16793E8C2697AFCC00741168 /* Calculator 4.app */ = {isa = PBXFileReference; explicitFileType = wrapper.application; includeInIndex = 0; path = "Calculator 4.app"; sourceTree = BUILT_PRODUCTS_DIR; };
		16793E8F2697AFCC00741168 /* AppDelegate.swift */ = {isa = PBXFileReference; lastKnownFileType = sourcecode.swift; path = AppDelegate.swift; sourceTree = "<group>"; };
		16793E912697AFCC00741168 /* SceneDelegate.swift */ = {isa = PBXFileReference; lastKnownFileType = sourcecode.swift; path = SceneDelegate.swift; sourceTree = "<group>"; };
		16793E932697AFCC00741168 /* ViewController.swift */ = {isa = PBXFileReference; lastKnownFileType = sourcecode.swift; path = ViewController.swift; sourceTree = "<group>"; };
		16793E962697AFCC00741168 /* Base */ = {isa = PBXFileReference; lastKnownFileType = file.storyboard; name = Base; path = Base.lproj/Main.storyboard; sourceTree = "<group>"; };
		16793E982697AFE900741168 /* Assets.xcassets */ = {isa = PBXFileReference; lastKnownFileType = folder.assetcatalog; path = Assets.xcassets; sourceTree = "<group>"; };
		16793E9B2697AFE900741168 /* Base */ = {isa = PBXFileReference; lastKnownFileType = file.storyboard; name = Base; path = Base.lproj/LaunchScreen.storyboard; sourceTree = "<group>"; };
		16793E9D2697AFE900741168 /* Info.plist */ = {isa = PBXFileReference; lastKnownFileType = text.plist.xml; path = Info.plist; sourceTree = "<group>"; };
		16793EA22697AFE900741168 /* Calculator 4Tests.xctest */ = {isa = PBXFileReference; explicitFileType = wrapper.cfbundle; includeInIndex = 0; path = "Calculator 4Tests.xctest"; sourceTree = BUILT_PRODUCTS_DIR; };
		16793EA62697AFE900741168 /* Calculator_4Tests.swift */ = {isa = PBXFileReference; lastKnownFileType = sourcecode.swift; path = Calculator_4Tests.swift; sourceTree = "<group>"; };
		16793EA82697AFE900741168 /* Info.plist */ = {isa = PBXFileReference; lastKnownFileType = text.plist.xml; path = Info.plist; sourceTree = "<group>"; };
		16793EAD2697AFE900741168 /* Calculator 4UITests.xctest */ = {isa = PBXFileReference; explicitFileType = wrapper.cfbundle; includeInIndex = 0; path = "Calculator 4UITests.xctest"; sourceTree = BUILT_PRODUCTS_DIR; };
		16793EB12697AFE900741168 /* Calculator_4UITests.swift */ = {isa = PBXFileReference; lastKnownFileType = sourcecode.swift; path = Calculator_4UITests.swift; sourceTree = "<group>"; };
		16793EB32697AFE900741168 /* Info.plist */ = {isa = PBXFileReference; lastKnownFileType = text.plist.xml; path = Info.plist; sourceTree = "<group>"; };
/* End PBXFileReference section */

/* Begin PBXFrameworksBuildPhase section */
		16793E892697AFCC00741168 /* Frameworks */ = {
			isa = PBXFrameworksBuildPhase;
			buildActionMask = 2147483647;
			files = (
			);
			runOnlyForDeploymentPostprocessing = 0;
		};
		16793E9F2697AFE900741168 /* Frameworks */ = {
			isa = PBXFrameworksBuildPhase;
			buildActionMask = 2147483647;
			files = (
			);
			runOnlyForDeploymentPostprocessing = 0;
		};
		16793EAA2697AFE900741168 /* Frameworks */ = {
			isa = PBXFrameworksBuildPhase;
			buildActionMask = 2147483647;
			files = (
			);
			runOnlyForDeploymentPostprocessing = 0;
		};
/* End PBXFrameworksBuildPhase section */

/* Begin PBXGroup section */
		16793E832697AFCC00741168 = {
			isa = PBXGroup;
			children = (
				16793E8E2697AFCC00741168 /* Calculator 4 */,
				16793EA52697AFE900741168 /* Calculator 4Tests */,
				16793EB02697AFE900741168 /* Calculator 4UITests */,
				16793E8D2697AFCC00741168 /* Products */,
			);
			sourceTree = "<group>";
		};
		16793E8D2697AFCC00741168 /* Products */ = {
			isa = PBXGroup;
			children = (
				16793E8C2697AFCC00741168 /* Calculator 4.app */,
				16793EA22697AFE900741168 /* Calculator 4Tests.xctest */,
				16793EAD2697AFE900741168 /* Calculator 4UITests.xctest */,
			);
			name = Products;
			sourceTree = "<group>";
		};
		16793E8E2697AFCC00741168 /* Calculator 4 */ = {
			isa = PBXGroup;
			children = (
				16793E8F2697AFCC00741168 /* AppDelegate.swift */,
				16793E912697AFCC00741168 /* SceneDelegate.swift */,
				16793E932697AFCC00741168 /* ViewController.swift */,
				16793E952697AFCC00741168 /* Main.storyboard */,
				16793E982697AFE900741168 /* Assets.xcassets */,
				16793E9A2697AFE900741168 /* LaunchScreen.storyboard */,
				16793E9D2697AFE900741168 /* Info.plist */,
			);
			path = "Calculator 4";
			sourceTree = "<group>";
		};
		16793EA52697AFE900741168 /* Calculator 4Tests */ = {
			isa = PBXGroup;
			children = (
				16793EA62697AFE900741168 /* Calculator_4Tests.swift */,
				16793EA82697AFE900741168 /* Info.plist */,
			);
			path = "Calculator 4Tests";
			sourceTree = "<group>";
		};
		16793EB02697AFE900741168 /* Calculator 4UITests */ = {
			isa = PBXGroup;
			children = (
				16793EB12697AFE900741168 /* Calculator_4UITests.swift */,
				16793EB32697AFE900741168 /* Info.plist */,
			);
			path = "Calculator 4UITests";
			sourceTree = "<group>";
		};
/* End PBXGroup section */

/* Begin PBXNativeTarget section */
		16793E8B2697AFCC00741168 /* Calculator 4 */ = {
			isa = PBXNativeTarget;
			buildConfigurationList = 16793EB62697AFE900741168 /* Build configuration list for PBXNativeTarget "Calculator 4" */;
			buildPhases = (
				16793E882697AFCC00741168 /* Sources */,
				16793E892697AFCC00741168 /* Frameworks */,
				16793E8A2697AFCC00741168 /* Resources */,
			);
			buildRules = (
			);
			dependencies = (
			);
			name = "Calculator 4";
			productName = "Calculator 4";
			productReference = 16793E8C2697AFCC00741168 /* Calculator 4.app */;
			productType = "com.apple.product-type.application";
		};
		16793EA12697AFE900741168 /* Calculator 4Tests */ = {
			isa = PBXNativeTarget;
			buildConfigurationList = 16793EB92697AFE900741168 /* Build configuration list for PBXNativeTarget "Calculator 4Tests" */;
			buildPhases = (
				16793E9E2697AFE900741168 /* Sources */,
				16793E9F2697AFE900741168 /* Frameworks */,
				16793EA02697AFE900741168 /* Resources */,
			);
			buildRules = (
			);
			dependencies = (
				16793EA42697AFE900741168 /* PBXTargetDependency */,
			);
			name = "Calculator 4Tests";
			productName = "Calculator 4Tests";
			productReference = 16793EA22697AFE900741168 /* Calculator 4Tests.xctest */;
			productType = "com.apple.product-type.bundle.unit-test";
		};
		16793EAC2697AFE900741168 /* Calculator 4UITests */ = {
			isa = PBXNativeTarget;
			buildConfigurationList = 16793EBC2697AFE900741168 /* Build configuration list for PBXNativeTarget "Calculator 4UITests" */;
			buildPhases = (
				16793EA92697AFE900741168 /* Sources */,
				16793EAA2697AFE900741168 /* Frameworks */,
				16793EAB2697AFE900741168 /* Resources */,
			);
			buildRules = (
			);
			dependencies = (
				16793EAF2697AFE900741168 /* PBXTargetDependency */,
			);
			name = "Calculator 4UITests";
			productName = "Calculator 4UITests";
			productReference = 16793EAD2697AFE900741168 /* Calculator 4UITests.xctest */;
			productType = "com.apple.product-type.bundle.ui-testing";
		};
/* End PBXNativeTarget section */

/* Begin PBXProject section */
		16793E842697AFCC00741168 /* Project object */ = {
			isa = PBXProject;
			attributes = {
				LastSwiftUpdateCheck = 1240;
				LastUpgradeCheck = 1240;
				TargetAttributes = {
					16793E8B2697AFCC00741168 = {
						CreatedOnToolsVersion = 12.4;
					};
					16793EA12697AFE900741168 = {
						CreatedOnToolsVersion = 12.4;
						TestTargetID = 16793E8B2697AFCC00741168;
					};
					16793EAC2697AFE900741168 = {
						CreatedOnToolsVersion = 12.4;
						TestTargetID = 16793E8B2697AFCC00741168;
					};
				};
			};
			buildConfigurationList = 16793E872697AFCC00741168 /* Build configuration list for PBXProject "Calculator 4" */;
			compatibilityVersion = "Xcode 9.3";
			developmentRegion = en;
			hasScannedForEncodings = 0;
			knownRegions = (
				en,
				Base,
			);
			mainGroup = 16793E832697AFCC00741168;
			productRefGroup = 16793E8D2697AFCC00741168 /* Products */;
			projectDirPath = "";
			projectRoot = "";
			targets = (
				16793E8B2697AFCC00741168 /* Calculator 4 */,
				16793EA12697AFE900741168 /* Calculator 4Tests */,
				16793EAC2697AFE900741168 /* Calculator 4UITests */,
			);
		};
/* End PBXProject section */

/* Begin PBXResourcesBuildPhase section */
		16793E8A2697AFCC00741168 /* Resources */ = {
			isa = PBXResourcesBuildPhase;
			buildActionMask = 2147483647;
			files = (
				16793E9C2697AFE900741168 /* LaunchScreen.storyboard in Resources */,
				16793E992697AFE900741168 /* Assets.xcassets in Resources */,
				16793E972697AFCC00741168 /* Main.storyboard in Resources */,
			);
			runOnlyForDeploymentPostprocessing = 0;
		};
		16793EA02697AFE900741168 /* Resources */ = {
			isa = PBXResourcesBuildPhase;
			buildActionMask = 2147483647;
			files = (
			);
			runOnlyForDeploymentPostprocessing = 0;
		};
		16793EAB2697AFE900741168 /* Resources */ = {
			isa = PBXResourcesBuildPhase;
			buildActionMask = 2147483647;
			files = (
			);
			runOnlyForDeploymentPostprocessing = 0;
		};
/* End PBXResourcesBuildPhase section */

/* Begin PBXSourcesBuildPhase section */
		16793E882697AFCC00741168 /* Sources */ = {
			isa = PBXSourcesBuildPhase;
			buildActionMask = 2147483647;
			files = (
				16793E942697AFCC00741168 /* ViewController.swift in Sources */,
				16793E902697AFCC00741168 /* AppDelegate.swift in Sources */,
				16793E922697AFCC00741168 /* SceneDelegate.swift in Sources */,
			);
			runOnlyForDeploymentPostprocessing = 0;
		};
		16793E9E2697AFE900741168 /* Sources */ = {
			isa = PBXSourcesBuildPhase;
			buildActionMask = 2147483647;
			files = (
				16793EA72697AFE900741168 /* Calculator_4Tests.swift in Sources */,
			);
			runOnlyForDeploymentPostprocessing = 0;
		};
		16793EA92697AFE900741168 /* Sources */ = {
			isa = PBXSourcesBuildPhase;
			buildActionMask = 2147483647;
			files = (
				16793EB22697AFE900741168 /* Calculator_4UITests.swift in Sources */,
			);
			runOnlyForDeploymentPostprocessing = 0;
		};
/* End PBXSourcesBuildPhase section */

/* Begin PBXTargetDependency section */
		16793EA42697AFE900741168 /* PBXTargetDependency */ = {
			isa = PBXTargetDependency;
			target = 16793E8B2697AFCC00741168 /* Calculator 4 */;
			targetProxy = 16793EA32697AFE900741168 /* PBXContainerItemProxy */;
		};
		16793EAF2697AFE900741168 /* PBXTargetDependency */ = {
			isa = PBXTargetDependency;
			target = 16793E8B2697AFCC00741168 /* Calculator 4 */;
			targetProxy = 16793EAE2697AFE900741168 /* PBXContainerItemProxy */;
		};
/* End PBXTargetDependency section */

/* Begin PBXVariantGroup section */
		16793E952697AFCC00741168 /* Main.storyboard */ = {
			isa = PBXVariantGroup;
			children = (
				16793E962697AFCC00741168 /* Base */,
			);
			name = Main.storyboard;
			sourceTree = "<group>";
		};
		16793E9A2697AFE900741168 /* LaunchScreen.storyboard */ = {
			isa = PBXVariantGroup;
			children = (
				16793E9B2697AFE900741168 /* Base */,
			);
			name = LaunchScreen.storyboard;
			sourceTree = "<group>";
		};
/* End PBXVariantGroup section */

/* Begin XCBuildConfiguration section */
		16793EB42697AFE900741168 /* Debug */ = {
			isa = XCBuildConfiguration;
			buildSettings = {
				ALWAYS_SEARCH_USER_PATHS = NO;
				CLANG_ANALYZER_NONNULL = YES;
				CLANG_ANALYZER_NUMBER_OBJECT_CONVERSION = YES_AGGRESSIVE;
				CLANG_CXX_LANGUAGE_STANDARD = "gnu++14";
				CLANG_CXX_LIBRARY = "libc++";
				CLANG_ENABLE_MODULES = YES;
				CLANG_ENABLE_OBJC_ARC = YES;
				CLANG_ENABLE_OBJC_WEAK = YES;
				CLANG_WARN_BLOCK_CAPTURE_AUTORELEASING = YES;
				CLANG_WARN_BOOL_CONVERSION = YES;
				CLANG_WARN_COMMA = YES;
				CLANG_WARN_CONSTANT_CONVERSION = YES;
				CLANG_WARN_DEPRECATED_OBJC_IMPLEMENTATIONS = YES;
				CLANG_WARN_DIRECT_OBJC_ISA_USAGE = YES_ERROR;
				CLANG_WARN_DOCUMENTATION_COMMENTS = YES;
				CLANG_WARN_EMPTY_BODY = YES;
				CLANG_WARN_ENUM_CONVERSION = YES;
				CLANG_WARN_INFINITE_RECURSION = YES;
				CLANG_WARN_INT_CONVERSION = YES;
				CLANG_WARN_NON_LITERAL_NULL_CONVERSION = YES;
				CLANG_WARN_OBJC_IMPLICIT_RETAIN_SELF = YES;
				CLANG_WARN_OBJC_LITERAL_CONVERSION = YES;
				CLANG_WARN_OBJC_ROOT_CLASS = YES_ERROR;
				CLANG_WARN_QUOTED_INCLUDE_IN_FRAMEWORK_HEADER = YES;
				CLANG_WARN_RANGE_LOOP_ANALYSIS = YES;
				CLANG_WARN_STRICT_PROTOTYPES = YES;
				CLANG_WARN_SUSPICIOUS_MOVE = YES;
				CLANG_WARN_UNGUARDED_AVAILABILITY = YES_AGGRESSIVE;
				CLANG_WARN_UNREACHABLE_CODE = YES;
				CLANG_WARN__DUPLICATE_METHOD_MATCH = YES;
				COPY_PHASE_STRIP = NO;
				DEBUG_INFORMATION_FORMAT = dwarf;
				ENABLE_STRICT_OBJC_MSGSEND = YES;
				ENABLE_TESTABILITY = YES;
				GCC_C_LANGUAGE_STANDARD = gnu11;
				GCC_DYNAMIC_NO_PIC = NO;
				GCC_NO_COMMON_BLOCKS = YES;
				GCC_OPTIMIZATION_LEVEL = 0;
				GCC_PREPROCESSOR_DEFINITIONS = (
					"DEBUG=1",
					"$(inherited)",
				);
				GCC_WARN_64_TO_32_BIT_CONVERSION = YES;
				GCC_WARN_ABOUT_RETURN_TYPE = YES_ERROR;
				GCC_WARN_UNDECLARED_SELECTOR = YES;
				GCC_WARN_UNINITIALIZED_AUTOS = YES_AGGRESSIVE;
				GCC_WARN_UNUSED_FUNCTION = YES;
				GCC_WARN_UNUSED_VARIABLE = YES;
				IPHONEOS_DEPLOYMENT_TARGET = 14.4;
				MTL_ENABLE_DEBUG_INFO = INCLUDE_SOURCE;
				MTL_FAST_MATH = YES;
				ONLY_ACTIVE_ARCH = YES;
				SDKROOT = iphoneos;
				SWIFT_ACTIVE_COMPILATION_CONDITIONS = DEBUG;
				SWIFT_OPTIMIZATION_LEVEL = "-Onone";
			};
			name = Debug;
		};
		16793EB52697AFE900741168 /* Release */ = {
			isa = XCBuildConfiguration;
			buildSettings = {
				ALWAYS_SEARCH_USER_PATHS = NO;
				CLANG_ANALYZER_NONNULL = YES;
				CLANG_ANALYZER_NUMBER_OBJECT_CONVERSION = YES_AGGRESSIVE;
				CLANG_CXX_LANGUAGE_STANDARD = "gnu++14";
				CLANG_CXX_LIBRARY = "libc++";
				CLANG_ENABLE_MODULES = YES;
				CLANG_ENABLE_OBJC_ARC = YES;
				CLANG_ENABLE_OBJC_WEAK = YES;
				CLANG_WARN_BLOCK_CAPTURE_AUTORELEASING = YES;
				CLANG_WARN_BOOL_CONVERSION = YES;
				CLANG_WARN_COMMA = YES;
				CLANG_WARN_CONSTANT_CONVERSION = YES;
				CLANG_WARN_DEPRECATED_OBJC_IMPLEMENTATIONS = YES;
				CLANG_WARN_DIRECT_OBJC_ISA_USAGE = YES_ERROR;
				CLANG_WARN_DOCUMENTATION_COMMENTS = YES;
				CLANG_WARN_EMPTY_BODY = YES;
				CLANG_WARN_ENUM_CONVERSION = YES;
				CLANG_WARN_INFINITE_RECURSION = YES;
				CLANG_WARN_INT_CONVERSION = YES;
				CLANG_WARN_NON_LITERAL_NULL_CONVERSION = YES;
				CLANG_WARN_OBJC_IMPLICIT_RETAIN_SELF = YES;
				CLANG_WARN_OBJC_LITERAL_CONVERSION = YES;
				CLANG_WARN_OBJC_ROOT_CLASS = YES_ERROR;
				CLANG_WARN_QUOTED_INCLUDE_IN_FRAMEWORK_HEADER = YES;
				CLANG_WARN_RANGE_LOOP_ANALYSIS = YES;
				CLANG_WARN_STRICT_PROTOTYPES = YES;
				CLANG_WARN_SUSPICIOUS_MOVE = YES;
				CLANG_WARN_UNGUARDED_AVAILABILITY = YES_AGGRESSIVE;
				CLANG_WARN_UNREACHABLE_CODE = YES;
				CLANG_WARN__DUPLICATE_METHOD_MATCH = YES;
				COPY_PHASE_STRIP = NO;
				DEBUG_INFORMATION_FORMAT = "dwarf-with-dsym";
				ENABLE_NS_ASSERTIONS = NO;
				ENABLE_STRICT_OBJC_MSGSEND = YES;
				GCC_C_LANGUAGE_STANDARD = gnu11;
				GCC_NO_COMMON_BLOCKS = YES;
				GCC_WARN_64_TO_32_BIT_CONVERSION = YES;
				GCC_WARN_ABOUT_RETURN_TYPE = YES_ERROR;
				GCC_WARN_UNDECLARED_SELECTOR = YES;
				GCC_WARN_UNINITIALIZED_AUTOS = YES_AGGRESSIVE;
				GCC_WARN_UNUSED_FUNCTION = YES;
				GCC_WARN_UNUSED_VARIABLE = YES;
				IPHONEOS_DEPLOYMENT_TARGET = 14.4;
				MTL_ENABLE_DEBUG_INFO = NO;
				MTL_FAST_MATH = YES;
				SDKROOT = iphoneos;
				SWIFT_COMPILATION_MODE = wholemodule;
				SWIFT_OPTIMIZATION_LEVEL = "-O";
				VALIDATE_PRODUCT = YES;
			};
			name = Release;
		};
		16793EB72697AFE900741168 /* Debug */ = {
			isa = XCBuildConfiguration;
			buildSettings = {
				ASSETCATALOG_COMPILER_APPICON_NAME = AppIcon;
				ASSETCATALOG_COMPILER_GLOBAL_ACCENT_COLOR_NAME = AccentColor;
				CODE_SIGN_STYLE = Automatic;
				INFOPLIST_FILE = "Calculator 4/Info.plist";
				LD_RUNPATH_SEARCH_PATHS = (
					"$(inherited)",
					"@executable_path/Frameworks",
				);
				PRODUCT_BUNDLE_IDENTIFIER = "teste.Calculator-4";
				PRODUCT_NAME = "$(TARGET_NAME)";
				SWIFT_VERSION = 5.0;
				TARGETED_DEVICE_FAMILY = "1,2";
			};
			name = Debug;
		};
		16793EB82697AFE900741168 /* Release */ = {
			isa = XCBuildConfiguration;
			buildSettings = {
				ASSETCATALOG_COMPILER_APPICON_NAME = AppIcon;
				ASSETCATALOG_COMPILER_GLOBAL_ACCENT_COLOR_NAME = AccentColor;
				CODE_SIGN_STYLE = Automatic;
				INFOPLIST_FILE = "Calculator 4/Info.plist";
				LD_RUNPATH_SEARCH_PATHS = (
					"$(inherited)",
					"@executable_path/Frameworks",
				);
				PRODUCT_BUNDLE_IDENTIFIER = "teste.Calculator-4";
				PRODUCT_NAME = "$(TARGET_NAME)";
				SWIFT_VERSION = 5.0;
				TARGETED_DEVICE_FAMILY = "1,2";
			};
			name = Release;
		};
		16793EBA2697AFE900741168 /* Debug */ = {
			isa = XCBuildConfiguration;
			buildSettings = {
				ALWAYS_EMBED_SWIFT_STANDARD_LIBRARIES = YES;
				BUNDLE_LOADER = "$(TEST_HOST)";
				CODE_SIGN_STYLE = Automatic;
				INFOPLIST_FILE = "Calculator 4Tests/Info.plist";
				IPHONEOS_DEPLOYMENT_TARGET = 14.4;
				LD_RUNPATH_SEARCH_PATHS = (
					"$(inherited)",
					"@executable_path/Frameworks",
					"@loader_path/Frameworks",
				);
				PRODUCT_BUNDLE_IDENTIFIER = "teste.Calculator-4Tests";
				PRODUCT_NAME = "$(TARGET_NAME)";
				SWIFT_VERSION = 5.0;
				TARGETED_DEVICE_FAMILY = "1,2";
				TEST_HOST = "$(BUILT_PRODUCTS_DIR)/Calculator 4.app/Calculator 4";
			};
			name = Debug;
		};
		16793EBB2697AFE900741168 /* Release */ = {
			isa = XCBuildConfiguration;
			buildSettings = {
				ALWAYS_EMBED_SWIFT_STANDARD_LIBRARIES = YES;
				BUNDLE_LOADER = "$(TEST_HOST)";
				CODE_SIGN_STYLE = Automatic;
				INFOPLIST_FILE = "Calculator 4Tests/Info.plist";
				IPHONEOS_DEPLOYMENT_TARGET = 14.4;
				LD_RUNPATH_SEARCH_PATHS = (
					"$(inherited)",
					"@executable_path/Frameworks",
					"@loader_path/Frameworks",
				);
				PRODUCT_BUNDLE_IDENTIFIER = "teste.Calculator-4Tests";
				PRODUCT_NAME = "$(TARGET_NAME)";
				SWIFT_VERSION = 5.0;
				TARGETED_DEVICE_FAMILY = "1,2";
				TEST_HOST = "$(BUILT_PRODUCTS_DIR)/Calculator 4.app/Calculator 4";
			};
			name = Release;
		};
		16793EBD2697AFE900741168 /* Debug */ = {
			isa = XCBuildConfiguration;
			buildSettings = {
				ALWAYS_EMBED_SWIFT_STANDARD_LIBRARIES = YES;
				CODE_SIGN_STYLE = Automatic;
				INFOPLIST_FILE = "Calculator 4UITests/Info.plist";
				LD_RUNPATH_SEARCH_PATHS = (
					"$(inherited)",
					"@executable_path/Frameworks",
					"@loader_path/Frameworks",
				);
				PRODUCT_BUNDLE_IDENTIFIER = "teste.Calculator-4UITests";
				PRODUCT_NAME = "$(TARGET_NAME)";
				SWIFT_VERSION = 5.0;
				TARGETED_DEVICE_FAMILY = "1,2";
				TEST_TARGET_NAME = "Calculator 4";
			};
			name = Debug;
		};
		16793EBE2697AFE900741168 /* Release */ = {
			isa = XCBuildConfiguration;
			buildSettings = {
				ALWAYS_EMBED_SWIFT_STANDARD_LIBRARIES = YES;
				CODE_SIGN_STYLE = Automatic;
				INFOPLIST_FILE = "Calculator 4UITests/Info.plist";
				LD_RUNPATH_SEARCH_PATHS = (
					"$(inherited)",
					"@executable_path/Frameworks",
					"@loader_path/Frameworks",
				);
				PRODUCT_BUNDLE_IDENTIFIER = "teste.Calculator-4UITests";
				PRODUCT_NAME = "$(TARGET_NAME)";
				SWIFT_VERSION = 5.0;
				TARGETED_DEVICE_FAMILY = "1,2";
				TEST_TARGET_NAME = "Calculator 4";
			};
			name = Release;
		};
/* End XCBuildConfiguration section */

/* Begin XCConfigurationList section */
		16793E872697AFCC00741168 /* Build configuration list for PBXProject "Calculator 4" */ = {
			isa = XCConfigurationList;
			buildConfigurations = (
				16793EB42697AFE900741168 /* Debug */,
				16793EB52697AFE900741168 /* Release */,
			);
			defaultConfigurationIsVisible = 0;
			defaultConfigurationName = Release;
		};
		16793EB62697AFE900741168 /* Build configuration list for PBXNativeTarget "Calculator 4" */ = {
			isa = XCConfigurationList;
			buildConfigurations = (
				16793EB72697AFE900741168 /* Debug */,
				16793EB82697AFE900741168 /* Release */,
			);
			defaultConfigurationIsVisible = 0;
			defaultConfigurationName = Release;
		};
		16793EB92697AFE900741168 /* Build configuration list for PBXNativeTarget "Calculator 4Tests" */ = {
			isa = XCConfigurationList;
			buildConfigurations = (
				16793EBA2697AFE900741168 /* Debug */,
				16793EBB2697AFE900741168 /* Release */,
			);
			defaultConfigurationIsVisible = 0;
			defaultConfigurationName = Release;
		};
		16793EBC2697AFE900741168 /* Build configuration list for PBXNativeTarget "Calculator 4UITests" */ = {
			isa = XCConfigurationList;
			buildConfigurations = (
				16793EBD2697AFE900741168 /* Debug */,
				16793EBE2697AFE900741168 /* Release */,
			);
			defaultConfigurationIsVisible = 0;
			defaultConfigurationName = Release;
		};
/* End XCConfigurationList section */
	};
	rootObject = 16793E842697AFCC00741168 /* Project object */;
}
